
Microsoft Visual Studio Solution File, Format Version 12.00
# Visual Studio Version 16
VisualStudioVersion = 16.0.31402.337
MinimumVisualStudioVersion = 10.0.40219.1
Project("{FAE04EC0-301F-11D3-BF4B-00C04F79EFBC}") = "MyCalendarApp", "MyCalendarApp.csproj", "{5B15B132-C25C-41B4-9803-FA430C5A5200}"
EndProject
Global
	GlobalSection(SolutionConfigurationPlatforms) = preSolution
		Debug|Any CPU = Debug|Any CPU
		Release|Any CPU = Release|Any CPU
	EndGlobalSection
	GlobalSection(ProjectConfigurationPlatforms) = postSolution
		{5B15B132-C25C-41B4-9803-FA430C5A5200}.Debug|Any CPU.ActiveCfg = Debug|Any CPU
		{5B15B132-C25C-41B4-9803-FA430C5A5200}.Debug|Any CPU.Build.0 = Debug|Any CPU
		{5B15B132-C25C-41B4-9803-FA430C5A5200}.Release|Any CPU.ActiveCfg = Release|Any CPU
		{5B15B132-C25C-41B4-9803-FA430C5A5200}.Release|Any CPU.Build.0 = Release|Any CPU
	EndGlobalSection
	GlobalSection(SolutionProperties) = preSolution
		HideSolutionNode = FALSE
	EndGlobalSection
	GlobalSection(ExtensibilityGlobals) = postSolution
		SolutionGuid = {5598B592-7B26-49AA-82B9-53CE88AFFF0B}
	EndGlobalSection
EndGlobal
